
Microsoft Visual Studio Solution File, Format Version 12.00
# Visual Studio 15
Project("{FAE04EC0-301F-11D3-BF4B-00C04F79EFBC}") = "Assembly-CSharp-Editor", "Assembly-CSharp-Editor.csproj", "{B24E0B6A-84C5-9978-E09A-88577E6F1CAE}"
EndProject
Project("{FAE04EC0-301F-11D3-BF4B-00C04F79EFBC}") = "Assembly-CSharp", "Assembly-CSharp.csproj", "{AE092EED-B91A-5BB4-47A6-31EC7AA5D361}"
EndProject
Global
	GlobalSection(SolutionConfigurationPlatforms) = preSolution
		Debug|Any CPU = Debug|Any CPU
		Release|Any CPU = Release|Any CPU
	EndGlobalSection
	GlobalSection(ProjectConfigurationPlatforms) = postSolution
		{B24E0B6A-84C5-9978-E09A-88577E6F1CAE}.Debug|Any CPU.ActiveCfg = Debug|Any CPU
		{B24E0B6A-84C5-9978-E09A-88577E6F1CAE}.Debug|Any CPU.Build.0 = Debug|Any CPU
		{B24E0B6A-84C5-9978-E09A-88577E6F1CAE}.Release|Any CPU.ActiveCfg = Release|Any CPU
		{B24E0B6A-84C5-9978-E09A-88577E6F1CAE}.Release|Any CPU.Build.0 = Release|Any CPU
		{AE092EED-B91A-5BB4-47A6-31EC7AA5D361}.Debug|Any CPU.ActiveCfg = Debug|Any CPU
		{AE092EED-B91A-5BB4-47A6-31EC7AA5D361}.Debug|Any CPU.Build.0 = Debug|Any CPU
		{AE092EED-B91A-5BB4-47A6-31EC7AA5D361}.Release|Any CPU.ActiveCfg = Release|Any CPU
		{AE092EED-B91A-5BB4-47A6-31EC7AA5D361}.Release|Any CPU.Build.0 = Release|Any CPU
	EndGlobalSection
	GlobalSection(SolutionProperties) = preSolution
		HideSolutionNode = FALSE
	EndGlobalSection
EndGlobal
